
Microsoft Visual Studio Solution File, Format Version 12.00
# Visual Studio 15
VisualStudioVersion = 15.0.27130.2020
MinimumVisualStudioVersion = 10.0.40219.1
Project("{FAE04EC0-301F-11D3-BF4B-00C04F79EFBC}") = "RendererTry", "RendererTry\RendererTry.csproj", "{D4268E95-94C0-41F4-A761-F4A9B45BCB1A}"
EndProject
Global
	GlobalSection(SolutionConfigurationPlatforms) = preSolution
		Debug|Any CPU = Debug|Any CPU
		Release|Any CPU = Release|Any CPU
	EndGlobalSection
	GlobalSection(ProjectConfigurationPlatforms) = postSolution
		{D4268E95-94C0-41F4-A761-F4A9B45BCB1A}.Debug|Any CPU.ActiveCfg = Debug|Any CPU
		{D4268E95-94C0-41F4-A761-F4A9B45BCB1A}.Debug|Any CPU.Build.0 = Debug|Any CPU
		{D4268E95-94C0-41F4-A761-F4A9B45BCB1A}.Release|Any CPU.ActiveCfg = Release|Any CPU
		{D4268E95-94C0-41F4-A761-F4A9B45BCB1A}.Release|Any CPU.Build.0 = Release|Any CPU
	EndGlobalSection
	GlobalSection(SolutionProperties) = preSolution
		HideSolutionNode = FALSE
	EndGlobalSection
	GlobalSection(ExtensibilityGlobals) = postSolution
		SolutionGuid = {EFA1DC4D-EB9D-40D7-929B-9E31339271B0}
	EndGlobalSection
EndGlobal
